<?xml version="1.0" encoding="utf-8"?>
<Project ToolsVersion="4.0" xmlns="http://schemas.microsoft.com/developer/msbuild/2003">
  <ItemGroup>
    <Filter Include="Source Files">
      <UniqueIdentifier>{4FC737F1-C7A5-4376-A066-2A32D752A2FF}</UniqueIdentifier>
      <Extensions>cpp;c;cc;cxx;def;odl;idl;hpj;bat;asm;asmx</Extensions>
    </Filter>
    <Filter Include="Header Files">
      <UniqueIdentifier>{93995380-89BD-4b04-88EB-625FBE52EBFB}</UniqueIdentifier>
      <Extensions>h;hh;hpp;hxx;hm;inl;inc;ipp;xsd</Extensions>
    </Filter>
    <Filter Include="Resource Files">
      <UniqueIdentifier>{67DA6AB6-F800-4c08-8B7A-83BB121AAD01}</UniqueIdentifier>
      <Extensions>rc;ico;cur;bmp;dlg;rc2;rct;bin;rgs;gif;jpg;jpeg;jpe;resx;tiff;tif;png;wav;mfcribbon-ms</Extensions>
    </Filter>
    <Filter Include="Minhook">
      <UniqueIdentifier>{675d63fb-689e-4fad-8b54-f5c81cf84f72}</UniqueIdentifier>
    </Filter>
    <Filter Include="Header Files\Classes">
      <UniqueIdentifier>{b466391e-5008-43e5-8213-1cae80b81afd}</UniqueIdentifier>
    </Filter>
    <Filter Include="Header Files\Utils">
      <UniqueIdentifier>{0fc6f2fd-b955-4107-863d-cbe54e5f53a7}</UniqueIdentifier>
    </Filter>
  </ItemGroup>
  <ItemGroup>
    <ClCompile Include="dllmain.cpp">
      <Filter>Source Files</Filter>
    </ClCompile>
    <ClCompile Include="minihook\src\buffer.c">
      <Filter>Minhook</Filter>
    </ClCompile>
    <ClCompile Include="minihook\src\hde\hde32.c">
      <Filter>Minhook</Filter>
    </ClCompile>
    <ClCompile Include="minihook\src\hde\hde64.c">
      <Filter>Minhook</Filter>
    </ClCompile>
    <ClCompile Include="minihook\src\hook.c">
      <Filter>Minhook</Filter>
    </ClCompile>
    <ClCompile Include="minihook\src\trampoline.c">
      <Filter>Minhook</Filter>
    </ClCompile>
  </ItemGroup>
  <ItemGroup>
    <ClInclude Include="minihook\include\MinHook.h">
      <Filter>Minhook</Filter>
    </ClInclude>
    <ClInclude Include="minihook\src\buffer.h">
      <Filter>Minhook</Filter>
    </ClInclude>
    <ClInclude Include="minihook\src\hde\hde32.h">
      <Filter>Minhook</Filter>
    </ClInclude>
    <ClInclude Include="minihook\src\hde\hde64.h">
      <Filter>Minhook</Filter>
    </ClInclude>
    <ClInclude Include="minihook\src\hde\pstdint.h">
      <Filter>Minhook</Filter>
    </ClInclude>
    <ClInclude Include="minihook\src\hde\table32.h">
      <Filter>Minhook</Filter>
    </ClInclude>
    <ClInclude Include="minihook\src\hde\table64.h">
      <Filter>Minhook</Filter>
    </ClInclude>
    <ClInclude Include="minihook\src\trampoline.h">
      <Filter>Minhook</Filter>
    </ClInclude>
    <ClInclude Include="utils.h">
      <Filter>Header Files</Filter>
    </ClInclude>
    <ClInclude Include="CBaseEntity.h">
      <Filter>Header Files\Classes</Filter>
    </ClInclude>
    <ClInclude Include="IClient.h">
      <Filter>Header Files\Classes</Filter>
    </ClInclude>
    <ClInclude Include="IClientMode.h">
      <Filter>Header Files\Classes</Filter>
    </ClInclude>
    <ClInclude Include="IEngine.h">
      <Filter>Header Files\Classes</Filter>
    </ClInclude>
    <ClInclude Include="IEntityList.h">
      <Filter>Header Files\Classes</Filter>
    </ClInclude>
    <ClInclude Include="Interfaces.h">
      <Filter>Header Files\Classes</Filter>
    </ClInclude>
    <ClInclude Include="IPanel.h">
      <Filter>Header Files\Classes</Filter>
    </ClInclude>
    <ClInclude Include="ISurface.h">
      <Filter>Header Files\Classes</Filter>
    </ClInclude>
    <ClInclude Include="structs.h">
      <Filter>Header Files\Utils</Filter>
    </ClInclude>
    <ClInclude Include="m.h">
      <Filter>Header Files\Utils</Filter>
    </ClInclude>
  </ItemGroup>
</Project>